
Microsoft Visual Studio Solution File, Format Version 12.00
# Visual Studio Version 16
VisualStudioVersion = 16.0.30002.166
MinimumVisualStudioVersion = 10.0.40219.1
Project("{FAE04EC0-301F-11D3-BF4B-00C04F79EFBC}") = "MVC APP", "MVC APP\MVC APP.csproj", "{9CB21DEC-271B-4BAC-BD03-4154F952F7EE}"
EndProject
Global
	GlobalSection(SolutionConfigurationPlatforms) = preSolution
		Debug|Any CPU = Debug|Any CPU
		Release|Any CPU = Release|Any CPU
	EndGlobalSection
	GlobalSection(ProjectConfigurationPlatforms) = postSolution
		{9CB21DEC-271B-4BAC-BD03-4154F952F7EE}.Debug|Any CPU.ActiveCfg = Debug|Any CPU
		{9CB21DEC-271B-4BAC-BD03-4154F952F7EE}.Debug|Any CPU.Build.0 = Debug|Any CPU
		{9CB21DEC-271B-4BAC-BD03-4154F952F7EE}.Release|Any CPU.ActiveCfg = Release|Any CPU
		{9CB21DEC-271B-4BAC-BD03-4154F952F7EE}.Release|Any CPU.Build.0 = Release|Any CPU
	EndGlobalSection
	GlobalSection(SolutionProperties) = preSolution
		HideSolutionNode = FALSE
	EndGlobalSection
	GlobalSection(ExtensibilityGlobals) = postSolution
		SolutionGuid = {C584E7A6-DFC7-452A-8831-29BD03E13DBF}
	EndGlobalSection
EndGlobal
